
Microsoft Visual Studio Solution File, Format Version 12.00
# Visual Studio Version 16
VisualStudioVersion = 16.0.30517.126
MinimumVisualStudioVersion = 10.0.40219.1
Project("{FAE04EC0-301F-11D3-BF4B-00C04F79EFBC}") = "ListaMvvm.Android", "ListaMvvm.Android\ListaMvvm.Android.csproj", "{C044291D-9100-4211-995C-9D125485D444}"
EndProject
Project("{FAE04EC0-301F-11D3-BF4B-00C04F79EFBC}") = "ListaMvvm.iOS", "ListaMvvm.iOS\ListaMvvm.iOS.csproj", "{6EC2F095-C1AA-469D-9A44-1DE60A745017}"
EndProject
Project("{FAE04EC0-301F-11D3-BF4B-00C04F79EFBC}") = "ListaMvvm", "ListaMvvm\ListaMvvm.csproj", "{53144E30-3839-4B1F-A405-CE978935D0C2}"
EndProject
Global
	GlobalSection(SolutionConfigurationPlatforms) = preSolution
		Debug|Any CPU = Debug|Any CPU
		Debug|iPhone = Debug|iPhone
		Debug|iPhoneSimulator = Debug|iPhoneSimulator
		Release|Any CPU = Release|Any CPU
		Release|iPhone = Release|iPhone
		Release|iPhoneSimulator = Release|iPhoneSimulator
	EndGlobalSection
	GlobalSection(ProjectConfigurationPlatforms) = postSolution
		{C044291D-9100-4211-995C-9D125485D444}.Debug|Any CPU.ActiveCfg = Debug|Any CPU
		{C044291D-9100-4211-995C-9D125485D444}.Debug|Any CPU.Build.0 = Debug|Any CPU
		{C044291D-9100-4211-995C-9D125485D444}.Debug|Any CPU.Deploy.0 = Debug|Any CPU
		{C044291D-9100-4211-995C-9D125485D444}.Debug|iPhone.ActiveCfg = Debug|Any CPU
		{C044291D-9100-4211-995C-9D125485D444}.Debug|iPhone.Build.0 = Debug|Any CPU
		{C044291D-9100-4211-995C-9D125485D444}.Debug|iPhone.Deploy.0 = Debug|Any CPU
		{C044291D-9100-4211-995C-9D125485D444}.Debug|iPhoneSimulator.ActiveCfg = Debug|Any CPU
		{C044291D-9100-4211-995C-9D125485D444}.Debug|iPhoneSimulator.Build.0 = Debug|Any CPU
		{C044291D-9100-4211-995C-9D125485D444}.Debug|iPhoneSimulator.Deploy.0 = Debug|Any CPU
		{C044291D-9100-4211-995C-9D125485D444}.Release|Any CPU.ActiveCfg = Release|Any CPU
		{C044291D-9100-4211-995C-9D125485D444}.Release|Any CPU.Build.0 = Release|Any CPU
		{C044291D-9100-4211-995C-9D125485D444}.Release|Any CPU.Deploy.0 = Release|Any CPU
		{C044291D-9100-4211-995C-9D125485D444}.Release|iPhone.ActiveCfg = Release|Any CPU
		{C044291D-9100-4211-995C-9D125485D444}.Release|iPhone.Build.0 = Release|Any CPU
		{C044291D-9100-4211-995C-9D125485D444}.Release|iPhone.Deploy.0 = Release|Any CPU
		{C044291D-9100-4211-995C-9D125485D444}.Release|iPhoneSimulator.ActiveCfg = Release|Any CPU
		{C044291D-9100-4211-995C-9D125485D444}.Release|iPhoneSimulator.Build.0 = Release|Any CPU
		{C044291D-9100-4211-995C-9D125485D444}.Release|iPhoneSimulator.Deploy.0 = Release|Any CPU
		{6EC2F095-C1AA-469D-9A44-1DE60A745017}.Debug|Any CPU.ActiveCfg = Debug|iPhone
		{6EC2F095-C1AA-469D-9A44-1DE60A745017}.Debug|Any CPU.Build.0 = Debug|iPhone
		{6EC2F095-C1AA-469D-9A44-1DE60A745017}.Debug|Any CPU.Deploy.0 = Debug|iPhone
		{6EC2F095-C1AA-469D-9A44-1DE60A745017}.Debug|iPhone.ActiveCfg = Debug|iPhone
		{6EC2F095-C1AA-469D-9A44-1DE60A745017}.Debug|iPhone.Build.0 = Debug|iPhone
		{6EC2F095-C1AA-469D-9A44-1DE60A745017}.Debug|iPhone.Deploy.0 = Debug|iPhone
		{6EC2F095-C1AA-469D-9A44-1DE60A745017}.Debug|iPhoneSimulator.ActiveCfg = Debug|iPhoneSimulator
		{6EC2F095-C1AA-469D-9A44-1DE60A745017}.Debug|iPhoneSimulator.Build.0 = Debug|iPhoneSimulator
		{6EC2F095-C1AA-469D-9A44-1DE60A745017}.Debug|iPhoneSimulator.Deploy.0 = Debug|iPhoneSimulator
		{6EC2F095-C1AA-469D-9A44-1DE60A745017}.Release|Any CPU.ActiveCfg = Release|iPhoneSimulator
		{6EC2F095-C1AA-469D-9A44-1DE60A745017}.Release|Any CPU.Build.0 = Release|iPhoneSimulator
		{6EC2F095-C1AA-469D-9A44-1DE60A745017}.Release|Any CPU.Deploy.0 = Release|iPhoneSimulator
		{6EC2F095-C1AA-469D-9A44-1DE60A745017}.Release|iPhone.ActiveCfg = Release|iPhone
		{6EC2F095-C1AA-469D-9A44-1DE60A745017}.Release|iPhone.Build.0 = Release|iPhone
		{6EC2F095-C1AA-469D-9A44-1DE60A745017}.Release|iPhone.Deploy.0 = Release|iPhone
		{6EC2F095-C1AA-469D-9A44-1DE60A745017}.Release|iPhoneSimulator.ActiveCfg = Release|iPhoneSimulator
		{6EC2F095-C1AA-469D-9A44-1DE60A745017}.Release|iPhoneSimulator.Build.0 = Release|iPhoneSimulator
		{6EC2F095-C1AA-469D-9A44-1DE60A745017}.Release|iPhoneSimulator.Deploy.0 = Release|iPhoneSimulator
		{53144E30-3839-4B1F-A405-CE978935D0C2}.Debug|Any CPU.ActiveCfg = Debug|Any CPU
		{53144E30-3839-4B1F-A405-CE978935D0C2}.Debug|Any CPU.Build.0 = Debug|Any CPU
		{53144E30-3839-4B1F-A405-CE978935D0C2}.Debug|Any CPU.Deploy.0 = Debug|Any CPU
		{53144E30-3839-4B1F-A405-CE978935D0C2}.Debug|iPhone.ActiveCfg = Debug|Any CPU
		{53144E30-3839-4B1F-A405-CE978935D0C2}.Debug|iPhone.Build.0 = Debug|Any CPU
		{53144E30-3839-4B1F-A405-CE978935D0C2}.Debug|iPhone.Deploy.0 = Debug|Any CPU
		{53144E30-3839-4B1F-A405-CE978935D0C2}.Debug|iPhoneSimulator.ActiveCfg = Debug|Any CPU
		{53144E30-3839-4B1F-A405-CE978935D0C2}.Debug|iPhoneSimulator.Build.0 = Debug|Any CPU
		{53144E30-3839-4B1F-A405-CE978935D0C2}.Debug|iPhoneSimulator.Deploy.0 = Debug|Any CPU
		{53144E30-3839-4B1F-A405-CE978935D0C2}.Release|Any CPU.ActiveCfg = Release|Any CPU
		{53144E30-3839-4B1F-A405-CE978935D0C2}.Release|Any CPU.Build.0 = Release|Any CPU
		{53144E30-3839-4B1F-A405-CE978935D0C2}.Release|Any CPU.Deploy.0 = Release|Any CPU
		{53144E30-3839-4B1F-A405-CE978935D0C2}.Release|iPhone.ActiveCfg = Release|Any CPU
		{53144E30-3839-4B1F-A405-CE978935D0C2}.Release|iPhone.Build.0 = Release|Any CPU
		{53144E30-3839-4B1F-A405-CE978935D0C2}.Release|iPhone.Deploy.0 = Release|Any CPU
		{53144E30-3839-4B1F-A405-CE978935D0C2}.Release|iPhoneSimulator.ActiveCfg = Release|Any CPU
		{53144E30-3839-4B1F-A405-CE978935D0C2}.Release|iPhoneSimulator.Build.0 = Release|Any CPU
		{53144E30-3839-4B1F-A405-CE978935D0C2}.Release|iPhoneSimulator.Deploy.0 = Release|Any CPU
	EndGlobalSection
	GlobalSection(SolutionProperties) = preSolution
		HideSolutionNode = FALSE
	EndGlobalSection
	GlobalSection(ExtensibilityGlobals) = postSolution
		SolutionGuid = {0CEE92FA-C433-4D2D-8F77-ED92180AD927}
	EndGlobalSection
EndGlobal
